hash: 02f38850e6f697c4efee2dbbdea193112eb910558bffa5abe768a55956bc38ca
updated: 2016-08-29T10:01:45.077356961+08:00
imports:
- name: github.com/boj/redistore
  version: fc113767cd6b051980f260d6dbe84b2740c46ab0
- name: github.com/codegangsta/inject
  version: 33e0aa1cb7c019ccc3fbe049a8262a6403d30504
- name: github.com/garyburd/redigo
  version: ffa8d46ada782d81cfda81a0fbd9f45ceae448e8
  subpackages:
  - internal
  - redis
- name: github.com/go-martini/martini
  version: 49411a5b646861ad29a6ddd5351717a0a9c49b94
- name: github.com/gorilla/context
  version: 08b5f424b9271eedf6f9f0ce86cb9396ed337a42
- name: github.com/gorilla/securecookie
  version: c13558c2b1c44da35e0eb043053609a5ba3a1f19
- name: github.com/gorilla/sessions
  version: 478cbfc73df023ca675fe89ea13a72b026fcced6
- name: github.com/martini-contrib/gzip
  version: 6c035326b43f79aa18793d2f1db512d21253ea61
- name: github.com/martini-contrib/render
  version: ec18f8345a1181146728238980606fb1d6f40e8c
- name: github.com/oxtoacart/bpool
  version: 4e1c5567d7c2dd59fa4c7c83d34c2f3528b025d6
- name: github.com/quexer/sessions
  version: 3bb842393c11a2d0245ba32654fb0b005405db2f
- name: gopkg.in/mgo.v2
  version: 3f83fa5005286a7fe593b055f0d7771a7dce4655
  subpackages:
  - bson
  - internal/json
  - internal/sasl
  - internal/scram
testImports: []
